
Microsoft Visual Studio Solution File, Format Version 12.00
# Visual Studio Version 17
VisualStudioVersion = 17.8.34525.116
MinimumVisualStudioVersion = 10.0.40219.1
Project("{8BC9CEB8-8B4A-11D0-8D11-00A0C91BC942}") = "Q21_v1", "Q21_v1\Q21_v1.vcxproj", "{EFE43C90-76FE-4ABB-92D7-53D2C618214D}"
EndProject
Global
	GlobalSection(SolutionConfigurationPlatforms) = preSolution
		Debug|x64 = Debug|x64
		Debug|x86 = Debug|x86
		Release|x64 = Release|x64
		Release|x86 = Release|x86
	EndGlobalSection
	GlobalSection(ProjectConfigurationPlatforms) = postSolution
		{EFE43C90-76FE-4ABB-92D7-53D2C618214D}.Debug|x64.ActiveCfg = Debug|x64
		{EFE43C90-76FE-4ABB-92D7-53D2C618214D}.Debug|x64.Build.0 = Debug|x64
		{EFE43C90-76FE-4ABB-92D7-53D2C618214D}.Debug|x86.ActiveCfg = Debug|Win32
		{EFE43C90-76FE-4ABB-92D7-53D2C618214D}.Debug|x86.Build.0 = Debug|Win32
		{EFE43C90-76FE-4ABB-92D7-53D2C618214D}.Release|x64.ActiveCfg = Release|x64
		{EFE43C90-76FE-4ABB-92D7-53D2C618214D}.Release|x64.Build.0 = Release|x64
		{EFE43C90-76FE-4ABB-92D7-53D2C618214D}.Release|x86.ActiveCfg = Release|Win32
		{EFE43C90-76FE-4ABB-92D7-53D2C618214D}.Release|x86.Build.0 = Release|Win32
	EndGlobalSection
	GlobalSection(SolutionProperties) = preSolution
		HideSolutionNode = FALSE
	EndGlobalSection
	GlobalSection(ExtensibilityGlobals) = postSolution
		SolutionGuid = {34112EFF-DEBE-47F6-AD0B-84061293D422}
	EndGlobalSection
EndGlobal
