
Microsoft Visual Studio Solution File, Format Version 12.00
# Visual Studio Version 17
VisualStudioVersion = 17.8.34511.84
MinimumVisualStudioVersion = 10.0.40219.1
Project("{8BC9CEB8-8B4A-11D0-8D11-00A0C91BC942}") = "Week2_HelloWorld", "Week2_HelloWorld\Week2_HelloWorld.vcxproj", "{AC159FEC-5A1A-4810-83F2-E29BF481FA28}"
EndProject
Global
	GlobalSection(SolutionConfigurationPlatforms) = preSolution
		Debug|x64 = Debug|x64
		Debug|x86 = Debug|x86
		Release|x64 = Release|x64
		Release|x86 = Release|x86
	EndGlobalSection
	GlobalSection(ProjectConfigurationPlatforms) = postSolution
		{AC159FEC-5A1A-4810-83F2-E29BF481FA28}.Debug|x64.ActiveCfg = Debug|x64
		{AC159FEC-5A1A-4810-83F2-E29BF481FA28}.Debug|x64.Build.0 = Debug|x64
		{AC159FEC-5A1A-4810-83F2-E29BF481FA28}.Debug|x86.ActiveCfg = Debug|Win32
		{AC159FEC-5A1A-4810-83F2-E29BF481FA28}.Debug|x86.Build.0 = Debug|Win32
		{AC159FEC-5A1A-4810-83F2-E29BF481FA28}.Release|x64.ActiveCfg = Release|x64
		{AC159FEC-5A1A-4810-83F2-E29BF481FA28}.Release|x64.Build.0 = Release|x64
		{AC159FEC-5A1A-4810-83F2-E29BF481FA28}.Release|x86.ActiveCfg = Release|Win32
		{AC159FEC-5A1A-4810-83F2-E29BF481FA28}.Release|x86.Build.0 = Release|Win32
	EndGlobalSection
	GlobalSection(SolutionProperties) = preSolution
		HideSolutionNode = FALSE
	EndGlobalSection
	GlobalSection(ExtensibilityGlobals) = postSolution
		SolutionGuid = {2F5641BE-1501-490C-AC0E-914C0A7BFF14}
	EndGlobalSection
EndGlobal
